
Microsoft Visual Studio Solution File, Format Version 12.00
# Visual Studio Version 17
VisualStudioVersion = 17.14.36518.9 d17.14
MinimumVisualStudioVersion = 10.0.40219.1
Project("{FAE04EC0-301F-11D3-BF4B-00C04F79EFBC}") = "Assignment-16", "Assignment-16\Assignment-16.csproj", "{B151A4A3-CBF3-4FBB-A351-26476F361659}"
EndProject
Global
	GlobalSection(SolutionConfigurationPlatforms) = preSolution
		Debug|Any CPU = Debug|Any CPU
		Release|Any CPU = Release|Any CPU
	EndGlobalSection
	GlobalSection(ProjectConfigurationPlatforms) = postSolution
		{B151A4A3-CBF3-4FBB-A351-26476F361659}.Debug|Any CPU.ActiveCfg = Debug|Any CPU
		{B151A4A3-CBF3-4FBB-A351-26476F361659}.Debug|Any CPU.Build.0 = Debug|Any CPU
		{B151A4A3-CBF3-4FBB-A351-26476F361659}.Release|Any CPU.ActiveCfg = Release|Any CPU
		{B151A4A3-CBF3-4FBB-A351-26476F361659}.Release|Any CPU.Build.0 = Release|Any CPU
	EndGlobalSection
	GlobalSection(SolutionProperties) = preSolution
		HideSolutionNode = FALSE
	EndGlobalSection
	GlobalSection(ExtensibilityGlobals) = postSolution
		SolutionGuid = {12365726-5EEB-4978-95BA-F1EF9E4037A8}
	EndGlobalSection
EndGlobal
