
Microsoft Visual Studio Solution File, Format Version 12.00
# Visual Studio Version 17
VisualStudioVersion = 17.14.36511.14 d17.14
MinimumVisualStudioVersion = 10.0.40219.1
Project("{FAE04EC0-301F-11D3-BF4B-00C04F79EFBC}") = "Assignment-6", "Assignment-6\Assignment-6.csproj", "{DDBD87A6-5980-4382-A5CE-EBA47DFA153B}"
EndProject
Global
	GlobalSection(SolutionConfigurationPlatforms) = preSolution
		Debug|Any CPU = Debug|Any CPU
		Release|Any CPU = Release|Any CPU
	EndGlobalSection
	GlobalSection(ProjectConfigurationPlatforms) = postSolution
		{DDBD87A6-5980-4382-A5CE-EBA47DFA153B}.Debug|Any CPU.ActiveCfg = Debug|Any CPU
		{DDBD87A6-5980-4382-A5CE-EBA47DFA153B}.Debug|Any CPU.Build.0 = Debug|Any CPU
		{DDBD87A6-5980-4382-A5CE-EBA47DFA153B}.Release|Any CPU.ActiveCfg = Release|Any CPU
		{DDBD87A6-5980-4382-A5CE-EBA47DFA153B}.Release|Any CPU.Build.0 = Release|Any CPU
	EndGlobalSection
	GlobalSection(SolutionProperties) = preSolution
		HideSolutionNode = FALSE
	EndGlobalSection
	GlobalSection(ExtensibilityGlobals) = postSolution
		SolutionGuid = {CBFC1EF2-5D5F-488D-B215-DAB7782E8DF1}
	EndGlobalSection
EndGlobal
