
Microsoft Visual Studio Solution File, Format Version 12.00
# Visual Studio Version 17
VisualStudioVersion = 17.14.36511.14 d17.14
MinimumVisualStudioVersion = 10.0.40219.1
Project("{FAE04EC0-301F-11D3-BF4B-00C04F79EFBC}") = "Assignment-6 bonus", "Assignment-6 bonus\Assignment-6 bonus.csproj", "{E5BD314F-6AD0-4C9B-9D3E-CCD6CBC65813}"
EndProject
Global
	GlobalSection(SolutionConfigurationPlatforms) = preSolution
		Debug|Any CPU = Debug|Any CPU
		Release|Any CPU = Release|Any CPU
	EndGlobalSection
	GlobalSection(ProjectConfigurationPlatforms) = postSolution
		{E5BD314F-6AD0-4C9B-9D3E-CCD6CBC65813}.Debug|Any CPU.ActiveCfg = Debug|Any CPU
		{E5BD314F-6AD0-4C9B-9D3E-CCD6CBC65813}.Debug|Any CPU.Build.0 = Debug|Any CPU
		{E5BD314F-6AD0-4C9B-9D3E-CCD6CBC65813}.Release|Any CPU.ActiveCfg = Release|Any CPU
		{E5BD314F-6AD0-4C9B-9D3E-CCD6CBC65813}.Release|Any CPU.Build.0 = Release|Any CPU
	EndGlobalSection
	GlobalSection(SolutionProperties) = preSolution
		HideSolutionNode = FALSE
	EndGlobalSection
	GlobalSection(ExtensibilityGlobals) = postSolution
		SolutionGuid = {118F0AC1-B14A-4DB0-BF72-B9C4B9BFD94E}
	EndGlobalSection
EndGlobal
