
Microsoft Visual Studio Solution File, Format Version 12.00
# Visual Studio Version 17
VisualStudioVersion = 17.14.36511.14 d17.14
MinimumVisualStudioVersion = 10.0.40219.1
Project("{FAE04EC0-301F-11D3-BF4B-00C04F79EFBC}") = "Assignment-8", "Assignment-8\Assignment-8.csproj", "{97F445BE-08BB-44AE-99D6-CA9E4F10434E}"
EndProject
Global
	GlobalSection(SolutionConfigurationPlatforms) = preSolution
		Debug|Any CPU = Debug|Any CPU
		Release|Any CPU = Release|Any CPU
	EndGlobalSection
	GlobalSection(ProjectConfigurationPlatforms) = postSolution
		{97F445BE-08BB-44AE-99D6-CA9E4F10434E}.Debug|Any CPU.ActiveCfg = Debug|Any CPU
		{97F445BE-08BB-44AE-99D6-CA9E4F10434E}.Debug|Any CPU.Build.0 = Debug|Any CPU
		{97F445BE-08BB-44AE-99D6-CA9E4F10434E}.Release|Any CPU.ActiveCfg = Release|Any CPU
		{97F445BE-08BB-44AE-99D6-CA9E4F10434E}.Release|Any CPU.Build.0 = Release|Any CPU
	EndGlobalSection
	GlobalSection(SolutionProperties) = preSolution
		HideSolutionNode = FALSE
	EndGlobalSection
	GlobalSection(ExtensibilityGlobals) = postSolution
		SolutionGuid = {5DE62306-66F4-4CE0-AA3A-F60B46F49387}
	EndGlobalSection
EndGlobal
