
Microsoft Visual Studio Solution File, Format Version 12.00
# Visual Studio Version 17
VisualStudioVersion = 17.14.36616.10 d17.14
MinimumVisualStudioVersion = 10.0.40219.1
Project("{FAE04EC0-301F-11D3-BF4B-00C04F79EFBC}") = "Assignment-25", "Assignment-25\Assignment-25.csproj", "{B60619CD-1B3C-4DA1-9E9D-C6C7CC8C0B9C}"
EndProject
Global
	GlobalSection(SolutionConfigurationPlatforms) = preSolution
		Debug|Any CPU = Debug|Any CPU
		Release|Any CPU = Release|Any CPU
	EndGlobalSection
	GlobalSection(ProjectConfigurationPlatforms) = postSolution
		{B60619CD-1B3C-4DA1-9E9D-C6C7CC8C0B9C}.Debug|Any CPU.ActiveCfg = Debug|Any CPU
		{B60619CD-1B3C-4DA1-9E9D-C6C7CC8C0B9C}.Debug|Any CPU.Build.0 = Debug|Any CPU
		{B60619CD-1B3C-4DA1-9E9D-C6C7CC8C0B9C}.Release|Any CPU.ActiveCfg = Release|Any CPU
		{B60619CD-1B3C-4DA1-9E9D-C6C7CC8C0B9C}.Release|Any CPU.Build.0 = Release|Any CPU
	EndGlobalSection
	GlobalSection(SolutionProperties) = preSolution
		HideSolutionNode = FALSE
	EndGlobalSection
	GlobalSection(ExtensibilityGlobals) = postSolution
		SolutionGuid = {A1EFD750-8A07-4600-ACDB-34838E488568}
	EndGlobalSection
EndGlobal
