
Microsoft Visual Studio Solution File, Format Version 12.00
# Visual Studio Version 17
VisualStudioVersion = 17.14.36429.23 d17.14
MinimumVisualStudioVersion = 10.0.40219.1
Project("{FAE04EC0-301F-11D3-BF4B-00C04F79EFBC}") = "Assignment-5", "Assignment-5\Assignment-5.csproj", "{F03BA07C-F9DA-43EC-97E5-3538E25BD063}"
EndProject
Global
	GlobalSection(SolutionConfigurationPlatforms) = preSolution
		Debug|Any CPU = Debug|Any CPU
		Release|Any CPU = Release|Any CPU
	EndGlobalSection
	GlobalSection(ProjectConfigurationPlatforms) = postSolution
		{F03BA07C-F9DA-43EC-97E5-3538E25BD063}.Debug|Any CPU.ActiveCfg = Debug|Any CPU
		{F03BA07C-F9DA-43EC-97E5-3538E25BD063}.Debug|Any CPU.Build.0 = Debug|Any CPU
		{F03BA07C-F9DA-43EC-97E5-3538E25BD063}.Release|Any CPU.ActiveCfg = Release|Any CPU
		{F03BA07C-F9DA-43EC-97E5-3538E25BD063}.Release|Any CPU.Build.0 = Release|Any CPU
	EndGlobalSection
	GlobalSection(SolutionProperties) = preSolution
		HideSolutionNode = FALSE
	EndGlobalSection
	GlobalSection(ExtensibilityGlobals) = postSolution
		SolutionGuid = {58B3D465-4DD1-4007-9338-5D9B110CFB66}
	EndGlobalSection
EndGlobal
