
Microsoft Visual Studio Solution File, Format Version 12.00
# Visual Studio Version 17
VisualStudioVersion = 17.14.36511.14 d17.14
MinimumVisualStudioVersion = 10.0.40219.1
Project("{FAE04EC0-301F-11D3-BF4B-00C04F79EFBC}") = "Assignment-9", "Assignment-9\Assignment-9.csproj", "{487583BB-D4C6-430F-966F-84B42EF236BA}"
EndProject
Global
	GlobalSection(SolutionConfigurationPlatforms) = preSolution
		Debug|Any CPU = Debug|Any CPU
		Release|Any CPU = Release|Any CPU
	EndGlobalSection
	GlobalSection(ProjectConfigurationPlatforms) = postSolution
		{487583BB-D4C6-430F-966F-84B42EF236BA}.Debug|Any CPU.ActiveCfg = Debug|Any CPU
		{487583BB-D4C6-430F-966F-84B42EF236BA}.Debug|Any CPU.Build.0 = Debug|Any CPU
		{487583BB-D4C6-430F-966F-84B42EF236BA}.Release|Any CPU.ActiveCfg = Release|Any CPU
		{487583BB-D4C6-430F-966F-84B42EF236BA}.Release|Any CPU.Build.0 = Release|Any CPU
	EndGlobalSection
	GlobalSection(SolutionProperties) = preSolution
		HideSolutionNode = FALSE
	EndGlobalSection
	GlobalSection(ExtensibilityGlobals) = postSolution
		SolutionGuid = {2C075E3B-C54D-422B-B7C3-DB0C9285CA08}
	EndGlobalSection
EndGlobal
